
Microsoft Visual Studio Solution File, Format Version 12.00
# Visual Studio Version 17
VisualStudioVersion = 17.0.31919.166
MinimumVisualStudioVersion = 10.0.40219.1
Project("{8BC9CEB8-8B4A-11D0-8D11-00A0C91BC942}") = "Gallows", "Gallows\Gallows.vcxproj", "{9A9B93AB-27AF-4EF4-9D0B-E61FD8240980}"
EndProject
Global
	GlobalSection(SolutionConfigurationPlatforms) = preSolution
		Debug|x64 = Debug|x64
		Debug|x86 = Debug|x86
		Release|x64 = Release|x64
		Release|x86 = Release|x86
	EndGlobalSection
	GlobalSection(ProjectConfigurationPlatforms) = postSolution
		{9A9B93AB-27AF-4EF4-9D0B-E61FD8240980}.Debug|x64.ActiveCfg = Debug|x64
		{9A9B93AB-27AF-4EF4-9D0B-E61FD8240980}.Debug|x64.Build.0 = Debug|x64
		{9A9B93AB-27AF-4EF4-9D0B-E61FD8240980}.Debug|x86.ActiveCfg = Debug|Win32
		{9A9B93AB-27AF-4EF4-9D0B-E61FD8240980}.Debug|x86.Build.0 = Debug|Win32
		{9A9B93AB-27AF-4EF4-9D0B-E61FD8240980}.Release|x64.ActiveCfg = Release|x64
		{9A9B93AB-27AF-4EF4-9D0B-E61FD8240980}.Release|x64.Build.0 = Release|x64
		{9A9B93AB-27AF-4EF4-9D0B-E61FD8240980}.Release|x86.ActiveCfg = Release|Win32
		{9A9B93AB-27AF-4EF4-9D0B-E61FD8240980}.Release|x86.Build.0 = Release|Win32
	EndGlobalSection
	GlobalSection(SolutionProperties) = preSolution
		HideSolutionNode = FALSE
	EndGlobalSection
	GlobalSection(ExtensibilityGlobals) = postSolution
		SolutionGuid = {B00F52E0-6B70-47D2-A25C-E9D9154992B2}
	EndGlobalSection
EndGlobal
